
Microsoft Visual Studio Solution File, Format Version 12.00
# Visual Studio 2012
Project("{FAE04EC0-301F-11D3-BF4B-00C04F79EFBC}") = "Jeanstation", "Jeanstation\Jeanstation.csproj", "{417C000B-E1CE-434D-BDE5-2B47B4DFD62C}"
EndProject
Global
	GlobalSection(SolutionConfigurationPlatforms) = preSolution
		Debug|Any CPU = Debug|Any CPU
		Release|Any CPU = Release|Any CPU
	EndGlobalSection
	GlobalSection(ProjectConfigurationPlatforms) = postSolution
		{417C000B-E1CE-434D-BDE5-2B47B4DFD62C}.Debug|Any CPU.ActiveCfg = Debug|Any CPU
		{417C000B-E1CE-434D-BDE5-2B47B4DFD62C}.Debug|Any CPU.Build.0 = Debug|Any CPU
		{417C000B-E1CE-434D-BDE5-2B47B4DFD62C}.Release|Any CPU.ActiveCfg = Release|Any CPU
		{417C000B-E1CE-434D-BDE5-2B47B4DFD62C}.Release|Any CPU.Build.0 = Release|Any CPU
	EndGlobalSection
	GlobalSection(SolutionProperties) = preSolution
		HideSolutionNode = FALSE
	EndGlobalSection
EndGlobal
